
Microsoft Visual Studio Solution File, Format Version 12.00
# Visual Studio Version 17
VisualStudioVersion = 17.1.31903.286
MinimumVisualStudioVersion = 10.0.40219.1
Project("{54A90642-561A-4BB1-A94E-469ADEE60C69}") = "KeyboardTyper", "KeyboardTyper\KeyboardTyper.esproj", "{51E2246E-089C-4E75-BB6A-43AE08134D0D}"
EndProject
Global
	GlobalSection(SolutionConfigurationPlatforms) = preSolution
		Debug|Any CPU = Debug|Any CPU
		Release|Any CPU = Release|Any CPU
	EndGlobalSection
	GlobalSection(ProjectConfigurationPlatforms) = postSolution
		{51E2246E-089C-4E75-BB6A-43AE08134D0D}.Debug|Any CPU.ActiveCfg = Debug|Any CPU
		{51E2246E-089C-4E75-BB6A-43AE08134D0D}.Debug|Any CPU.Build.0 = Debug|Any CPU
		{51E2246E-089C-4E75-BB6A-43AE08134D0D}.Debug|Any CPU.Deploy.0 = Debug|Any CPU
		{51E2246E-089C-4E75-BB6A-43AE08134D0D}.Release|Any CPU.ActiveCfg = Release|Any CPU
		{51E2246E-089C-4E75-BB6A-43AE08134D0D}.Release|Any CPU.Build.0 = Release|Any CPU
		{51E2246E-089C-4E75-BB6A-43AE08134D0D}.Release|Any CPU.Deploy.0 = Release|Any CPU
	EndGlobalSection
	GlobalSection(SolutionProperties) = preSolution
		HideSolutionNode = FALSE
	EndGlobalSection
	GlobalSection(ExtensibilityGlobals) = postSolution
		SolutionGuid = {BB57DD7C-50CF-45B2-8AF5-8F3A7157A927}
	EndGlobalSection
EndGlobal
